
Microsoft Visual Studio Solution File, Format Version 12.00
# Visual Studio Version 17
VisualStudioVersion = 17.7.34202.233
MinimumVisualStudioVersion = 10.0.40219.1
Project("{2150E333-8FDC-42A3-9474-1A3956D46DE8}") = "Core", "Core", "{B699CAC1-B776-409F-8BC5-68307AF5720C}"
EndProject
Project("{FAE04EC0-301F-11D3-BF4B-00C04F79EFBC}") = "Domain", "Core\Domain\Domain.csproj", "{648C127B-D7DC-4CC2-8711-467114E12B1B}"
EndProject
Project("{FAE04EC0-301F-11D3-BF4B-00C04F79EFBC}") = "Application", "Core\Application\Application.csproj", "{9C067C4B-2CEF-4ECA-BFB4-A60C313762D0}"
EndProject
Project("{2150E333-8FDC-42A3-9474-1A3956D46DE8}") = "Infrastructure", "Infrastructure", "{985431F8-9ED7-4058-810A-C07969C7D3F2}"
EndProject
Project("{FAE04EC0-301F-11D3-BF4B-00C04F79EFBC}") = "Infrastructure", "Infrastructure\Infrastructure\Infrastructure.csproj", "{1A2DFEB7-6240-46D0-93D9-CB3D9C782784}"
EndProject
Project("{FAE04EC0-301F-11D3-BF4B-00C04F79EFBC}") = "Persistence", "Infrastructure\Persistence\Persistence.csproj", "{C31A611F-7A84-43BA-A8D7-231059ECFBD8}"
EndProject
Project("{2150E333-8FDC-42A3-9474-1A3956D46DE8}") = "Presentation", "Presentation", "{97E49599-B743-4AB5-8196-47331F26853A}"
EndProject
Project("{FAE04EC0-301F-11D3-BF4B-00C04F79EFBC}") = "WebAPI", "Presentation\WebAPI\WebAPI.csproj", "{6FE5FA1E-B0C8-45F8-BEAB-7B5D1C15FF27}"
EndProject
Global
	GlobalSection(SolutionConfigurationPlatforms) = preSolution
		Debug|Any CPU = Debug|Any CPU
		Release|Any CPU = Release|Any CPU
	EndGlobalSection
	GlobalSection(ProjectConfigurationPlatforms) = postSolution
		{648C127B-D7DC-4CC2-8711-467114E12B1B}.Debug|Any CPU.ActiveCfg = Debug|Any CPU
		{648C127B-D7DC-4CC2-8711-467114E12B1B}.Debug|Any CPU.Build.0 = Debug|Any CPU
		{648C127B-D7DC-4CC2-8711-467114E12B1B}.Release|Any CPU.ActiveCfg = Release|Any CPU
		{648C127B-D7DC-4CC2-8711-467114E12B1B}.Release|Any CPU.Build.0 = Release|Any CPU
		{9C067C4B-2CEF-4ECA-BFB4-A60C313762D0}.Debug|Any CPU.ActiveCfg = Debug|Any CPU
		{9C067C4B-2CEF-4ECA-BFB4-A60C313762D0}.Debug|Any CPU.Build.0 = Debug|Any CPU
		{9C067C4B-2CEF-4ECA-BFB4-A60C313762D0}.Release|Any CPU.ActiveCfg = Release|Any CPU
		{9C067C4B-2CEF-4ECA-BFB4-A60C313762D0}.Release|Any CPU.Build.0 = Release|Any CPU
		{1A2DFEB7-6240-46D0-93D9-CB3D9C782784}.Debug|Any CPU.ActiveCfg = Debug|Any CPU
		{1A2DFEB7-6240-46D0-93D9-CB3D9C782784}.Debug|Any CPU.Build.0 = Debug|Any CPU
		{1A2DFEB7-6240-46D0-93D9-CB3D9C782784}.Release|Any CPU.ActiveCfg = Release|Any CPU
		{1A2DFEB7-6240-46D0-93D9-CB3D9C782784}.Release|Any CPU.Build.0 = Release|Any CPU
		{C31A611F-7A84-43BA-A8D7-231059ECFBD8}.Debug|Any CPU.ActiveCfg = Debug|Any CPU
		{C31A611F-7A84-43BA-A8D7-231059ECFBD8}.Debug|Any CPU.Build.0 = Debug|Any CPU
		{C31A611F-7A84-43BA-A8D7-231059ECFBD8}.Release|Any CPU.ActiveCfg = Release|Any CPU
		{C31A611F-7A84-43BA-A8D7-231059ECFBD8}.Release|Any CPU.Build.0 = Release|Any CPU
		{6FE5FA1E-B0C8-45F8-BEAB-7B5D1C15FF27}.Debug|Any CPU.ActiveCfg = Debug|Any CPU
		{6FE5FA1E-B0C8-45F8-BEAB-7B5D1C15FF27}.Debug|Any CPU.Build.0 = Debug|Any CPU
		{6FE5FA1E-B0C8-45F8-BEAB-7B5D1C15FF27}.Release|Any CPU.ActiveCfg = Release|Any CPU
		{6FE5FA1E-B0C8-45F8-BEAB-7B5D1C15FF27}.Release|Any CPU.Build.0 = Release|Any CPU
	EndGlobalSection
	GlobalSection(SolutionProperties) = preSolution
		HideSolutionNode = FALSE
	EndGlobalSection
	GlobalSection(NestedProjects) = preSolution
		{648C127B-D7DC-4CC2-8711-467114E12B1B} = {B699CAC1-B776-409F-8BC5-68307AF5720C}
		{9C067C4B-2CEF-4ECA-BFB4-A60C313762D0} = {B699CAC1-B776-409F-8BC5-68307AF5720C}
		{1A2DFEB7-6240-46D0-93D9-CB3D9C782784} = {985431F8-9ED7-4058-810A-C07969C7D3F2}
		{C31A611F-7A84-43BA-A8D7-231059ECFBD8} = {985431F8-9ED7-4058-810A-C07969C7D3F2}
		{6FE5FA1E-B0C8-45F8-BEAB-7B5D1C15FF27} = {97E49599-B743-4AB5-8196-47331F26853A}
	EndGlobalSection
	GlobalSection(ExtensibilityGlobals) = postSolution
		SolutionGuid = {E898632C-1CB7-4988-82D1-E44DDCAB4EB5}
	EndGlobalSection
EndGlobal
